{
  "name": "raft",
  "version": "1.0.0",
  "lockfileVersion": 1,
  "requires": true,
  "dependencies": {
    "amp": {
      "version": "0.3.1",
      "resolved": "https://registry.npmjs.org/amp/-/amp-0.3.1.tgz",
      "integrity": "sha1-at+NWKdPNh6CwfqNOJwHnhOfxH0="
    },
    "amp-message": {
      "version": "0.1.2",
      "resolved": "https://registry.npmjs.org/amp-message/-/amp-message-0.1.2.tgz",
      "integrity": "sha1-p48cmJlQh602GSpBKY5NtJ49/EU=",
      "requires": {
        "amp": "0.3.1"
      }
    },
    "axon": {
      "version": "2.0.3",
      "resolved": "https://registry.npmjs.org/axon/-/axon-2.0.3.tgz",
      "integrity": "sha1-kLyaMeMKz9rv95Wtp6uiLFEHlpI=",
      "requires": {
        "amp": "~0.3.1",
        "amp-message": "~0.1.1",
        "configurable": "0.0.1",
        "debug": "*",
        "escape-regexp": "0.0.1"
      }
    },
    "configurable": {
      "version": "0.0.1",
      "resolved": "https://registry.npmjs.org/configurable/-/configurable-0.0.1.tgz",
      "integrity": "sha1-R9dbcntRtOuEwdra/j+CQDE4M7E="
    },
    "debug": {
      "version": "4.3.1",
      "resolved": "https://registry.npmjs.org/debug/-/debug-4.3.1.tgz",
      "integrity": "sha512-doEwdvm4PCeK4K3RQN2ZC2BYUBaxwLARCqZmMjtF8a51J2Rb0xpVloFRnCODwqjpwnAoao4pelN8l3RJdv3gRQ==",
      "requires": {
        "ms": "2.1.2"
      }
    },
    "escape-regexp": {
      "version": "0.0.1",
      "resolved": "https://registry.npmjs.org/escape-regexp/-/escape-regexp-0.0.1.tgz",
      "integrity": "sha1-9EvaEtRbvfnLf4Yu5+SCez3TIlQ="
    },
    "ms": {
      "version": "2.1.2",
      "resolved": "https://registry.npmjs.org/ms/-/ms-2.1.2.tgz",
      "integrity": "sha512-sGkPx+VjMtmA6MX27oA4FBFELFCZZ4S4XqeGOXCv68tT+jb3vk/RyaKWP0PTKyWtmLSM0b+adUTEvbs1PEaH2w=="
    }
  }
}
